{
  "version": 4,
  "terraform_version": "1.14.8",
  "serial": 1,
  "lineage": "dbeb1721-2203-f2cf-1d34-74cc5418b279",
  "outputs": {},
  "resources": [
    {
      "mode": "managed",
      "type": "multipass_instance",
      "name": "devops_vm",
      "provider": "provider[\"registry.terraform.io/larstobi/multipass\"]",
      "instances": [
        {
          "schema_version": 0,
          "attributes": {
            "cloudinit_file": null,
            "cpus": 1,
            "disk": "5G",
            "image": null,
            "ipv4": "192.168.2.13",
            "memory": "1G",
            "name": "devops-vm"
          },
          "sensitive_attributes": [],
          "identity_schema_version": 0
        }
      ]
    }
  ],
  "check_results": null
}
